Microsoft Visual Studio Solution File, Format Version 12.00
# Visual Studio Version 17
VisualStudioVersion = 17.5.2.0
MinimumVisualStudioVersion = 10.0.40219.1
Project("{FAE04EC0-301F-11D3-BF4B-00C04F79EFBC}") = "AfghanPay.API", "AfghanPay.API.csproj", "{F3D11E9A-5E05-7D8A-F470-EA9E9B0590AB}"
EndProject
Global
	GlobalSection(SolutionConfigurationPlatforms) = preSolution
		Debug|Any CPU = Debug|Any CPU
		Release|Any CPU = Release|Any CPU
	EndGlobalSection
	GlobalSection(ProjectConfigurationPlatforms) = postSolution
		{F3D11E9A-5E05-7D8A-F470-EA9E9B0590AB}.Debug|Any CPU.ActiveCfg = Debug|Any CPU
		{F3D11E9A-5E05-7D8A-F470-EA9E9B0590AB}.Debug|Any CPU.Build.0 = Debug|Any CPU
		{F3D11E9A-5E05-7D8A-F470-EA9E9B0590AB}.Release|Any CPU.ActiveCfg = Release|Any CPU
		{F3D11E9A-5E05-7D8A-F470-EA9E9B0590AB}.Release|Any CPU.Build.0 = Release|Any CPU
	EndGlobalSection
	GlobalSection(SolutionProperties) = preSolution
		HideSolutionNode = FALSE
	EndGlobalSection
	GlobalSection(ExtensibilityGlobals) = postSolution
		SolutionGuid = {3B663044-B5FC-4D17-A193-AE1B71DA2443}
	EndGlobalSection
EndGlobal
